
Microsoft Visual Studio Solution File, Format Version 12.00
# Visual Studio Version 17
VisualStudioVersion = 17.4.33213.308
MinimumVisualStudioVersion = 10.0.40219.1
Project("{FAE04EC0-301F-11D3-BF4B-00C04F79EFBC}") = "AppBancoDigital.Android", "AppBancoDigital\AppBancoDigital.Android\AppBancoDigital.Android.csproj", "{4D8330DF-6334-41C8-99F6-7EF1876463A8}"
EndProject
Project("{FAE04EC0-301F-11D3-BF4B-00C04F79EFBC}") = "AppBancoDigital", "AppBancoDigital\AppBancoDigital\AppBancoDigital.csproj", "{A09CEBA9-BFEC-41D3-A726-740F89A56D63}"
EndProject
Global
	GlobalSection(SolutionConfigurationPlatforms) = preSolution
		Debug|Any CPU = Debug|Any CPU
		Release|Any CPU = Release|Any CPU
	EndGlobalSection
	GlobalSection(ProjectConfigurationPlatforms) = postSolution
		{4D8330DF-6334-41C8-99F6-7EF1876463A8}.Debug|Any CPU.ActiveCfg = Debug|Any CPU
		{4D8330DF-6334-41C8-99F6-7EF1876463A8}.Debug|Any CPU.Build.0 = Debug|Any CPU
		{4D8330DF-6334-41C8-99F6-7EF1876463A8}.Debug|Any CPU.Deploy.0 = Debug|Any CPU
		{4D8330DF-6334-41C8-99F6-7EF1876463A8}.Release|Any CPU.ActiveCfg = Release|Any CPU
		{4D8330DF-6334-41C8-99F6-7EF1876463A8}.Release|Any CPU.Build.0 = Release|Any CPU
		{4D8330DF-6334-41C8-99F6-7EF1876463A8}.Release|Any CPU.Deploy.0 = Release|Any CPU
		{A09CEBA9-BFEC-41D3-A726-740F89A56D63}.Debug|Any CPU.ActiveCfg = Debug|Any CPU
		{A09CEBA9-BFEC-41D3-A726-740F89A56D63}.Debug|Any CPU.Build.0 = Debug|Any CPU
		{A09CEBA9-BFEC-41D3-A726-740F89A56D63}.Debug|Any CPU.Deploy.0 = Debug|Any CPU
		{A09CEBA9-BFEC-41D3-A726-740F89A56D63}.Release|Any CPU.ActiveCfg = Release|Any CPU
		{A09CEBA9-BFEC-41D3-A726-740F89A56D63}.Release|Any CPU.Build.0 = Release|Any CPU
		{A09CEBA9-BFEC-41D3-A726-740F89A56D63}.Release|Any CPU.Deploy.0 = Release|Any CPU
	EndGlobalSection
	GlobalSection(SolutionProperties) = preSolution
		HideSolutionNode = FALSE
	EndGlobalSection
	GlobalSection(ExtensibilityGlobals) = postSolution
		SolutionGuid = {5288524D-38A4-4E40-8823-52276AF7B697}
	EndGlobalSection
EndGlobal
